<?xml version="1.0" encoding="UTF-8" standalone="yes" ?>
<CodeBlocks_project_file>
   <FileVersion major="1" minor="6" />
   <Project>
      <Option title="wxOpenCVMain" />
      <Option makefile_is_custom="1" />
      <Option compiler="gcc" />
      <Option virtualFolders="CMake Files\;CMake Files\wxOpenCVMain\;CMake Files\RapportAOO\;CMake Files\..\;CMake Files\..\..\;CMake Files\..\..\..\;CMake Files\..\..\..\..\;CMake Files\..\..\..\..\usr\;CMake Files\..\..\..\..\usr\local\;CMake Files\..\..\..\..\usr\local\share\;CMake Files\..\..\..\..\usr\local\share\OpenCV\;CMake Files\CMake\;" />
      <Build>
      <Target title="all">
         <Option working_dir="/home/lb/Documents/wxopencv/wxOpenCVMain" />
         <Option type="4" />
         <MakeCommands>
            <Build command="/usr/bin/make -f &quot;/home/lb/Documents/wxopencv/wxOpenCVMain/Makefile&quot;  VERBOSE=1 all" />
            <CompileFile command="/usr/bin/make -f &quot;/home/lb/Documents/wxopencv/wxOpenCVMain/Makefile&quot;  VERBOSE=1 &quot;$file&quot;" />
            <Clean command="/usr/bin/make -f &quot;/home/lb/Documents/wxopencv/wxOpenCVMain/Makefile&quot;  VERBOSE=1 clean" />
            <DistClean command="/usr/bin/make -f &quot;/home/lb/Documents/wxopencv/wxOpenCVMain/Makefile&quot;  VERBOSE=1 clean" />
         </MakeCommands>
      </Target>
      <Target title="wxOpenCVMain">
         <Option output="/home/lb/Documents/wxopencv/wxOpenCVMain/wxOpenCVMain" prefix_auto="0" extension_auto="0" />
         <Option working_dir="/home/lb/Documents/wxopencv/wxOpenCVMain" />
         <Option object_output="./" />
         <Option type="1" />
         <Option compiler="gcc" />
         <Compiler>
            <Add option="-D__WXGTK__" />
            <Add directory="/usr/include" />
            <Add directory="/usr/include/c++/4.6" />
            <Add directory="/usr/include/c++/4.6/backward" />
            <Add directory="/usr/include/c++/4.6/x86_64-linux-gnu/." />
            <Add directory="/usr/include/x86_64-linux-gnu" />
            <Add directory="/usr/lib/gcc/x86_64-linux-gnu/4.6/include" />
            <Add directory="/usr/lib/gcc/x86_64-linux-gnu/4.6/include-fixed" />
            <Add directory="/usr/local/include" />
            <Add directory="/usr/local/include/opencv" />
            <Add directory="/usr/local/include/plplot/../../include/plplot" />
            <Add directory="/usr/local/include/wx-3.0" />
            <Add directory="/usr/local/lib/wx/include/gtk2-unicode-3.0" />
         </Compiler>
         <MakeCommands>
            <Build command="/usr/bin/make -f &quot;/home/lb/Documents/wxopencv/wxOpenCVMain/Makefile&quot;  VERBOSE=1 wxOpenCVMain" />
            <CompileFile command="/usr/bin/make -f &quot;/home/lb/Documents/wxopencv/wxOpenCVMain/Makefile&quot;  VERBOSE=1 &quot;$file&quot;" />
            <Clean command="/usr/bin/make -f &quot;/home/lb/Documents/wxopencv/wxOpenCVMain/Makefile&quot;  VERBOSE=1 clean" />
            <DistClean command="/usr/bin/make -f &quot;/home/lb/Documents/wxopencv/wxOpenCVMain/Makefile&quot;  VERBOSE=1 clean" />
         </MakeCommands>
      </Target>
      <Target title="wxOpenCVMain/fast">
         <Option output="/home/lb/Documents/wxopencv/wxOpenCVMain/wxOpenCVMain" prefix_auto="0" extension_auto="0" />
         <Option working_dir="/home/lb/Documents/wxopencv/wxOpenCVMain" />
         <Option object_output="./" />
         <Option type="1" />
         <Option compiler="gcc" />
         <Compiler>
            <Add option="-D__WXGTK__" />
            <Add directory="/usr/include" />
            <Add directory="/usr/include/c++/4.6" />
            <Add directory="/usr/include/c++/4.6/backward" />
            <Add directory="/usr/include/c++/4.6/x86_64-linux-gnu/." />
            <Add directory="/usr/include/x86_64-linux-gnu" />
            <Add directory="/usr/lib/gcc/x86_64-linux-gnu/4.6/include" />
            <Add directory="/usr/lib/gcc/x86_64-linux-gnu/4.6/include-fixed" />
            <Add directory="/usr/local/include" />
            <Add directory="/usr/local/include/opencv" />
            <Add directory="/usr/local/include/plplot/../../include/plplot" />
            <Add directory="/usr/local/include/wx-3.0" />
            <Add directory="/usr/local/lib/wx/include/gtk2-unicode-3.0" />
         </Compiler>
         <MakeCommands>
            <Build command="/usr/bin/make -f &quot;/home/lb/Documents/wxopencv/wxOpenCVMain/Makefile&quot;  VERBOSE=1 wxOpenCVMain/fast" />
            <CompileFile command="/usr/bin/make -f &quot;/home/lb/Documents/wxopencv/wxOpenCVMain/Makefile&quot;  VERBOSE=1 &quot;$file&quot;" />
            <Clean command="/usr/bin/make -f &quot;/home/lb/Documents/wxopencv/wxOpenCVMain/Makefile&quot;  VERBOSE=1 clean" />
            <DistClean command="/usr/bin/make -f &quot;/home/lb/Documents/wxopencv/wxOpenCVMain/Makefile&quot;  VERBOSE=1 clean" />
         </MakeCommands>
      </Target>
      </Build>
      <Unit filename="/home/lb/Documents/wxopencv/wxOpenCVMain/AffichageNouvelleImage.cpp">
      </Unit>
      <Unit filename="/home/lb/Documents/wxopencv/wxOpenCVMain/BarreEtat.cpp">
      </Unit>
      <Unit filename="/home/lb/Documents/wxopencv/wxOpenCVMain/CameraAndor.cpp">
      </Unit>
      <Unit filename="/home/lb/Documents/wxopencv/wxOpenCVMain/CameraOpenCV.cpp">
      </Unit>
      <Unit filename="/home/lb/Documents/wxopencv/wxOpenCVMain/ControleCamera.cpp">
      </Unit>
      <Unit filename="/home/lb/Documents/wxopencv/wxOpenCVMain/FenetreAlgo.cpp">
      </Unit>
      <Unit filename="/home/lb/Documents/wxopencv/wxOpenCVMain/FenetreCoupe.cpp">
      </Unit>
      <Unit filename="/home/lb/Documents/wxopencv/wxOpenCVMain/FenetreDistribradiale.cpp">
      </Unit>
      <Unit filename="/home/lb/Documents/wxopencv/wxOpenCVMain/FenetreFocus.cpp">
      </Unit>
      <Unit filename="/home/lb/Documents/wxopencv/wxOpenCVMain/FenetreHistogramme.cpp">
      </Unit>
      <Unit filename="/home/lb/Documents/wxopencv/wxOpenCVMain/FenetreInfo.cpp">
      </Unit>
      <Unit filename="/home/lb/Documents/wxopencv/wxOpenCVMain/FenetrePalette.cpp">
      </Unit>
      <Unit filename="/home/lb/Documents/wxopencv/wxOpenCVMain/FenetrePrincipaleClavier.cpp">
      </Unit>
      <Unit filename="/home/lb/Documents/wxopencv/wxOpenCVMain/FenetreRegion.cpp">
      </Unit>
      <Unit filename="/home/lb/Documents/wxopencv/wxOpenCVMain/FenetreZoom.cpp">
      </Unit>
      <Unit filename="/home/lb/Documents/wxopencv/wxOpenCVMain/GestionZone.cpp">
      </Unit>
      <Unit filename="/home/lb/Documents/wxopencv/wxOpenCVMain/GestioncurseurSourisGlisser.cpp">
      </Unit>
      <Unit filename="/home/lb/Documents/wxopencv/wxOpenCVMain/GraphiqueImage.cpp">
      </Unit>
      <Unit filename="/home/lb/Documents/wxopencv/wxOpenCVMain/HorodatageSequence.cpp">
      </Unit>
      <Unit filename="/home/lb/Documents/wxopencv/wxOpenCVMain/IMulti.cpp">
      </Unit>
      <Unit filename="/home/lb/Documents/wxopencv/wxOpenCVMain/ImCvMinMAx.cpp">
      </Unit>
      <Unit filename="/home/lb/Documents/wxopencv/wxOpenCVMain/ImInCV.cpp">
      </Unit>
      <Unit filename="/home/lb/Documents/wxopencv/wxOpenCVMain/ImInCVInitOp.cpp">
      </Unit>
      <Unit filename="/home/lb/Documents/wxopencv/wxOpenCVMain/ImInCVOperation.cpp">
      </Unit>
      <Unit filename="/home/lb/Documents/wxopencv/wxOpenCVMain/ImageStat.cpp">
      </Unit>
      <Unit filename="/home/lb/Documents/wxopencv/wxOpenCVMain/InterfaceQuadriqueMulti.cpp">
      </Unit>
      <Unit filename="/home/lb/Documents/wxopencv/wxOpenCVMain/RapportAOO_LO.cpp">
      </Unit>
      <Unit filename="/home/lb/Documents/wxopencv/wxOpenCVMain/ServeurScilab.cpp">
      </Unit>
      <Unit filename="/home/lb/Documents/wxopencv/wxOpenCVMain/Tableur.cpp">
      </Unit>
      <Unit filename="/home/lb/Documents/wxopencv/wxOpenCVMain/ThreadEventCamera.cpp">
      </Unit>
      <Unit filename="/home/lb/Documents/wxopencv/wxOpenCVMain/ZoneImage.cpp">
      </Unit>
      <Unit filename="/home/lb/Documents/wxopencv/wxOpenCVMain/main.cpp">
      </Unit>
      <Unit filename="/home/lb/Documents/wxopencv/wxOpenCVMain/wxIUA.cpp">
      </Unit>
      <Unit filename="/home/lb/Documents/wxopencv/wxOpenCVMain/CameraAndor.h">
      </Unit>
      <Unit filename="/home/lb/Documents/wxopencv/wxOpenCVMain/CameraOpenCV.h">
      </Unit>
      <Unit filename="/home/lb/Documents/wxopencv/wxOpenCVMain/CameraVirtuelle.h">
      </Unit>
      <Unit filename="/home/lb/Documents/wxopencv/wxOpenCVMain/ConnexionDDE.h">
      </Unit>
      <Unit filename="/home/lb/Documents/wxopencv/wxOpenCVMain/ControleCamera.h">
      </Unit>
      <Unit filename="/home/lb/Documents/wxopencv/wxOpenCVMain/EvenementCamera.h">
      </Unit>
      <Unit filename="/home/lb/Documents/wxopencv/wxOpenCVMain/FenetreAlgo.h">
      </Unit>
      <Unit filename="/home/lb/Documents/wxopencv/wxOpenCVMain/FenetreInfo.h">
      </Unit>
      <Unit filename="/home/lb/Documents/wxopencv/wxOpenCVMain/FenetrePrincipale.h">
      </Unit>
      <Unit filename="/home/lb/Documents/wxopencv/wxOpenCVMain/FenetreRegion.h">
      </Unit>
      <Unit filename="/home/lb/Documents/wxopencv/wxOpenCVMain/GlisserForme.h">
      </Unit>
      <Unit filename="/home/lb/Documents/wxopencv/wxOpenCVMain/HorodatageSequence.h">
      </Unit>
      <Unit filename="/home/lb/Documents/wxopencv/wxOpenCVMain/ImageConstante.h">
      </Unit>
      <Unit filename="/home/lb/Documents/wxopencv/wxOpenCVMain/ImageInfo.h">
      </Unit>
      <Unit filename="/home/lb/Documents/wxopencv/wxOpenCVMain/InterfaceAvance.h">
      </Unit>
      <Unit filename="/home/lb/Documents/wxopencv/wxOpenCVMain/TableauBord.h">
      </Unit>
      <Unit filename="/home/lb/Documents/wxopencv/wxOpenCVMain/Tableur.h">
      </Unit>
      <Unit filename="/home/lb/Documents/wxopencv/wxOpenCVMain/courbeplplot.h">
      </Unit>
      <Unit filename="/home/lb/Documents/wxopencv/wxOpenCVMain/imagestat.h">
      </Unit>
      <Unit filename="/home/lb/Documents/wxopencv/wxOpenCVMain/resource.h">
      </Unit>
      <Unit filename="/home/lb/Documents/wxopencv/wxOpenCVMain/toolbar.rc">
      </Unit>
      <Unit filename="/home/lb/Documents/wxopencv/wxOpenCVMain/wxOsgApp.h">
      </Unit>
      <Unit filename="/home/lb/Documents/wxopencv/CMakeLists.txt">
          <Option virtualFolder="CMake Files\" />
      </Unit>
      <Unit filename="/home/lb/Documents/wxopencv/wxOpenCVMain/CMakeLists.txt">
          <Option virtualFolder="CMake Files\wxOpenCVMain\" />
      </Unit>
      <Unit filename="/home/lb/Documents/wxopencv/wxOpenCVMain/wxOpenCVConfig.h.in">
          <Option virtualFolder="CMake Files\wxOpenCVMain\" />
      </Unit>
      <Unit filename="/home/lb/Documents/wxopencv/wxOpenCVMain/CMakeLists.txt">
          <Option virtualFolder="CMake Files\wxOpenCVMain\" />
      </Unit>
      <Unit filename="/home/lb/Documents/wxopencv/wxOpenCVMain/wxOpenCVConfig.h.in">
          <Option virtualFolder="CMake Files\wxOpenCVMain\" />
      </Unit>
      <Unit filename="/home/lb/Documents/wxopencv/RapportAOO/CMakeLists.txt">
          <Option virtualFolder="CMake Files\RapportAOO\" />
      </Unit>
      <Unit filename="/home/lb/Documents/wxopencv/RapportAOO/CMakeLists.txt">
          <Option virtualFolder="CMake Files\RapportAOO\" />
      </Unit>
      <Unit filename="/home/lb/Documents/wxopencv/../../../../usr/local/share/OpenCV/OpenCVConfig-version.cmake">
          <Option virtualFolder="CMake Files\..\..\..\..\usr\local\share\OpenCV\" />
      </Unit>
      <Unit filename="/home/lb/Documents/wxopencv/../../../../usr/local/share/OpenCV/OpenCVConfig.cmake">
          <Option virtualFolder="CMake Files\..\..\..\..\usr\local\share\OpenCV\" />
      </Unit>
      <Unit filename="/home/lb/Documents/wxopencv/../../../../usr/local/share/OpenCV/OpenCVModules.cmake">
          <Option virtualFolder="CMake Files\..\..\..\..\usr\local\share\OpenCV\" />
      </Unit>
      <Unit filename="/home/lb/Documents/wxopencv/../../../../usr/local/share/OpenCV/OpenCVModules-release.cmake">
          <Option virtualFolder="CMake Files\..\..\..\..\usr\local\share\OpenCV\" />
      </Unit>
      <Unit filename="/home/lb/Documents/wxopencv/CMake/FindPLplot.cmake">
          <Option virtualFolder="CMake Files\CMake\" />
      </Unit>
   </Project>
</CodeBlocks_project_file>
